// !$*UTF8*$!
{
	archiveVersion = 1;
	classes = {
	};
	objectVersion = 46;
	objects = {

/* Begin PBXBuildFile section */
		AEC2AE0C1D1A69EA0071F909 /* AppDelegate.swift in Sources */ = {isa = PBXBuildFile; fileRef = AEC2AE0B1D1A69EA0071F909 /* AppDelegate.swift */; };
		AEC2AE0E1D1A69EA0071F909 /* ViewController.swift in Sources */ = {isa = PBXBuildFile; fileRef = AEC2AE0D1D1A69EA0071F909 /* ViewController.swift */; };
		AEC2AE111D1A69EA0071F909 /* Main.storyboard in Resources */ = {isa = PBXBuildFile; fileRef = AEC2AE0F1D1A69EA0071F909 /* Main.storyboard */; };
		AEC2AE131D1A69EA0071F909 /* Assets.xcassets in Resources */ = {isa = PBXBuildFile; fileRef = AEC2AE121D1A69EA0071F909 /* Assets.xcassets */; };
		AEC2AE161D1A69EA0071F909 /* LaunchScreen.storyboard in Resources */ = {isa = PBXBuildFile; fileRef = AEC2AE141D1A69EA0071F909 /* LaunchScreen.storyboard */; };
		FC59EA113C8DF9ED8845793A /* Pods_LocalDataRealm.framework in Frameworks */ = {isa = PBXBuildFile; fileRef = 44288061D86A142F0B98BD99 /* Pods_LocalDataRealm.framework */; };
/* End PBXBuildFile section */

/* Begin PBXFileReference section */
		24F54E02B161972E95B9B66D /* Pods-LocalDataRealm.release.xcconfig */ = {isa = PBXFileReference; includeInIndex = 1; lastKnownFileType = text.xcconfig; name = "Pods-LocalDataRealm.release.xcconfig"; path = "Pods/Target Support Files/Pods-LocalDataRealm/Pods-LocalDataRealm.release.xcconfig"; sourceTree = "<group>"; };
		44288061D86A142F0B98BD99 /* Pods_LocalDataRealm.framework */ = {isa = PBXFileReference; explicitFileType = wrapper.framework; includeInIndex = 0; path = Pods_LocalDataRealm.framework; sourceTree = BUILT_PRODUCTS_DIR; };
		5781E47342120CC39B454355 /* Pods-LocalDataRealm.debug.xcconfig */ = {isa = PBXFileReference; includeInIndex = 1; lastKnownFileType = text.xcconfig; name = "Pods-LocalDataRealm.debug.xcconfig"; path = "Pods/Target Support Files/Pods-LocalDataRealm/Pods-LocalDataRealm.debug.xcconfig"; sourceTree = "<group>"; };
		AEC2AE081D1A69EA0071F909 /* LocalDataRealm.app */ = {isa = PBXFileReference; explicitFileType = wrapper.application; includeInIndex = 0; path = LocalDataRealm.app; sourceTree = BUILT_PRODUCTS_DIR; };
		AEC2AE0B1D1A69EA0071F909 /* AppDelegate.swift */ = {isa = PBXFileReference; lastKnownFileType = sourcecode.swift; path = AppDelegate.swift; sourceTree = "<group>"; };
		AEC2AE0D1D1A69EA0071F909 /* ViewController.swift */ = {isa = PBXFileReference; lastKnownFileType = sourcecode.swift; path = ViewController.swift; sourceTree = "<group>"; };
		AEC2AE101D1A69EA0071F909 /* Base */ = {isa = PBXFileReference; lastKnownFileType = file.storyboard; name = Base; path = Base.lproj/Main.storyboard; sourceTree = "<group>"; };
		AEC2AE121D1A69EA0071F909 /* Assets.xcassets */ = {isa = PBXFileReference; lastKnownFileType = folder.assetcatalog; path = Assets.xcassets; sourceTree = "<group>"; };
		AEC2AE151D1A69EA0071F909 /* Base */ = {isa = PBXFileReference; lastKnownFileType = file.storyboard; name = Base; path = Base.lproj/LaunchScreen.storyboard; sourceTree = "<group>"; };
		AEC2AE171D1A69EA0071F909 /* Info.plist */ = {isa = PBXFileReference; lastKnownFileType = text.plist.xml; path = Info.plist; sourceTree = "<group>"; };
/* End PBXFileReference section */

/* Begin PBXFrameworksBuildPhase section */
		AEC2AE051D1A69EA0071F909 /* Frameworks */ = {
			isa = PBXFrameworksBuildPhase;
			buildActionMask = 2147483647;
			files = (
				FC59EA113C8DF9ED8845793A /* Pods_LocalDataRealm.framework in Frameworks */,
			);
			runOnlyForDeploymentPostprocessing = 0;
		};
/* End PBXFrameworksBuildPhase section */

/* Begin PBXGroup section */
		058DEE1C4AEA07FB512B1C8E /* Frameworks */ = {
			isa = PBXGroup;
			children = (
				44288061D86A142F0B98BD99 /* Pods_LocalDataRealm.framework */,
			);
			name = Frameworks;
			sourceTree = "<group>";
		};
		296362F36A0B87D12C91FCCF /* Pods */ = {
			isa = PBXGroup;
			children = (
				5781E47342120CC39B454355 /* Pods-LocalDataRealm.debug.xcconfig */,
				24F54E02B161972E95B9B66D /* Pods-LocalDataRealm.release.xcconfig */,
			);
			name = Pods;
			sourceTree = "<group>";
		};
		AEC2ADFF1D1A69E90071F909 = {
			isa = PBXGroup;
			children = (
				AEC2AE0A1D1A69EA0071F909 /* LocalDataRealm */,
				AEC2AE091D1A69EA0071F909 /* Products */,
				296362F36A0B87D12C91FCCF /* Pods */,
				058DEE1C4AEA07FB512B1C8E /* Frameworks */,
			);
			sourceTree = "<group>";
		};
		AEC2AE091D1A69EA0071F909 /* Products */ = {
			isa = PBXGroup;
			children = (
				AEC2AE081D1A69EA0071F909 /* LocalDataRealm.app */,
			);
			name = Products;
			sourceTree = "<group>";
		};
		AEC2AE0A1D1A69EA0071F909 /* LocalDataRealm */ = {
			isa = PBXGroup;
			children = (
				AEC2AE0B1D1A69EA0071F909 /* AppDelegate.swift */,
				AEC2AE0D1D1A69EA0071F909 /* ViewController.swift */,
				AEC2AE121D1A69EA0071F909 /* Assets.xcassets */,
				AEC2AE141D1A69EA0071F909 /* LaunchScreen.storyboard */,
				AEC2AE0F1D1A69EA0071F909 /* Main.storyboard */,
				AEC2AE171D1A69EA0071F909 /* Info.plist */,
			);
			path = LocalDataRealm;
			sourceTree = "<group>";
		};
/* End PBXGroup section */

/* Begin PBXNativeTarget section */
		AEC2AE071D1A69EA0071F909 /* LocalDataRealm */ = {
			isa = PBXNativeTarget;
			buildConfigurationList = AEC2AE1A1D1A69EA0071F909 /* Build configuration list for PBXNativeTarget "LocalDataRealm" */;
			buildPhases = (
				858B54A54A1876E2B8D6D3D5 /* 📦 Check Pods Manifest.lock */,
				AEC2AE041D1A69EA0071F909 /* Sources */,
				AEC2AE051D1A69EA0071F909 /* Frameworks */,
				AEC2AE061D1A69EA0071F909 /* Resources */,
				FB84D180D1C73FB49BD7F2BB /* 📦 Embed Pods Frameworks */,
				EF8D85DD6DC709C3941FD62A /* 📦 Copy Pods Resources */,
			);
			buildRules = (
			);
			dependencies = (
			);
			name = LocalDataRealm;
			productName = LocalDataRealm;
			productReference = AEC2AE081D1A69EA0071F909 /* LocalDataRealm.app */;
			productType = "com.apple.product-type.application";
		};
/* End PBXNativeTarget section */

/* Begin PBXProject section */
		AEC2AE001D1A69E90071F909 /* Project object */ = {
			isa = PBXProject;
			attributes = {
				LastSwiftUpdateCheck = 0730;
				LastUpgradeCheck = 0730;
				ORGANIZATIONNAME = pivotaldesign.biz;
				TargetAttributes = {
					AEC2AE071D1A69EA0071F909 = {
						CreatedOnToolsVersion = 7.3.1;
					};
				};
			};
			buildConfigurationList = AEC2AE031D1A69E90071F909 /* Build configuration list for PBXProject "LocalDataRealm" */;
			compatibilityVersion = "Xcode 3.2";
			developmentRegion = English;
			hasScannedForEncodings = 0;
			knownRegions = (
				en,
				Base,
			);
			mainGroup = AEC2ADFF1D1A69E90071F909;
			productRefGroup = AEC2AE091D1A69EA0071F909 /* Products */;
			projectDirPath = "";
			projectRoot = "";
			targets = (
				AEC2AE071D1A69EA0071F909 /* LocalDataRealm */,
			);
		};
/* End PBXProject section */

/* Begin PBXResourcesBuildPhase section */
		AEC2AE061D1A69EA0071F909 /* Resources */ = {
			isa = PBXResourcesBuildPhase;
			buildActionMask = 2147483647;
			files = (
				AEC2AE161D1A69EA0071F909 /* LaunchScreen.storyboard in Resources */,
				AEC2AE131D1A69EA0071F909 /* Assets.xcassets in Resources */,
				AEC2AE111D1A69EA0071F909 /* Main.storyboard in Resources */,
			);
			runOnlyForDeploymentPostprocessing = 0;
		};
/* End PBXResourcesBuildPhase section */

/* Begin PBXShellScriptBuildPhase section */
		858B54A54A1876E2B8D6D3D5 /* 📦 Check Pods Manifest.lock */ = {
			isa = PBXShellScriptBuildPhase;
			buildActionMask = 2147483647;
			files = (
			);
			inputPaths = (
			);
			name = "📦 Check Pods Manifest.lock";
			outputPaths = (
			);
			runOnlyForDeploymentPostprocessing = 0;
			shellPath = /bin/sh;
			shellScript = "diff \"${PODS_ROOT}/../Podfile.lock\" \"${PODS_ROOT}/Manifest.lock\" > /dev/null\nif [[ $? != 0 ]] ; then\n    cat << EOM\nerror: The sandbox is not in sync with the Podfile.lock. Run 'pod install' or update your CocoaPods installation.\nEOM\n    exit 1\nfi\n";
			showEnvVarsInLog = 0;
		};
		EF8D85DD6DC709C3941FD62A /* 📦 Copy Pods Resources */ = {
			isa = PBXShellScriptBuildPhase;
			buildActionMask = 2147483647;
			files = (
			);
			inputPaths = (
			);
			name = "📦 Copy Pods Resources";
			outputPaths = (
			);
			runOnlyForDeploymentPostprocessing = 0;
			shellPath = /bin/sh;
			shellScript = "\"${SRCROOT}/Pods/Target Support Files/Pods-LocalDataRealm/Pods-LocalDataRealm-resources.sh\"\n";
			showEnvVarsInLog = 0;
		};
		FB84D180D1C73FB49BD7F2BB /* 📦 Embed Pods Frameworks */ = {
			isa = PBXShellScriptBuildPhase;
			buildActionMask = 2147483647;
			files = (
			);
			inputPaths = (
			);
			name = "📦 Embed Pods Frameworks";
			outputPaths = (
			);
			runOnlyForDeploymentPostprocessing = 0;
			shellPath = /bin/sh;
			shellScript = "\"${SRCROOT}/Pods/Target Support Files/Pods-LocalDataRealm/Pods-LocalDataRealm-frameworks.sh\"\n";
			showEnvVarsInLog = 0;
		};
/* End PBXShellScriptBuildPhase section */

/* Begin PBXSourcesBuildPhase section */
		AEC2AE041D1A69EA0071F909 /* Sources */ = {
			isa = PBXSourcesBuildPhase;
			buildActionMask = 2147483647;
			files = (
				AEC2AE0E1D1A69EA0071F909 /* ViewController.swift in Sources */,
				AEC2AE0C1D1A69EA0071F909 /* AppDelegate.swift in Sources */,
			);
			runOnlyForDeploymentPostprocessing = 0;
		};
/* End PBXSourcesBuildPhase section */

/* Begin PBXVariantGroup section */
		AEC2AE0F1D1A69EA0071F909 /* Main.storyboard */ = {
			isa = PBXVariantGroup;
			children = (
				AEC2AE101D1A69EA0071F909 /* Base */,
			);
			name = Main.storyboard;
			sourceTree = "<group>";
		};
		AEC2AE141D1A69EA0071F909 /* LaunchScreen.storyboard */ = {
			isa = PBXVariantGroup;
			children = (
				AEC2AE151D1A69EA0071F909 /* Base */,
			);
			name = LaunchScreen.storyboard;
			sourceTree = "<group>";
		};
/* End PBXVariantGroup section */

/* Begin XCBuildConfiguration section */
		AEC2AE181D1A69EA0071F909 /* Debug */ = {
			isa = XCBuildConfiguration;
			buildSettings = {
				ALWAYS_SEARCH_USER_PATHS = NO;
				CLANG_ANALYZER_NONNULL = YES;
				CLANG_CXX_LANGUAGE_STANDARD = "gnu++0x";
				CLANG_CXX_LIBRARY = "libc++";
				CLANG_ENABLE_MODULES = YES;
				CLANG_ENABLE_OBJC_ARC = YES;
				CLANG_WARN_BOOL_CONVERSION = YES;
				CLANG_WARN_CONSTANT_CONVERSION = YES;
				CLANG_WARN_DIRECT_OBJC_ISA_USAGE = YES_ERROR;
				CLANG_WARN_EMPTY_BODY = YES;
				CLANG_WARN_ENUM_CONVERSION = YES;
				CLANG_WARN_INT_CONVERSION = YES;
				CLANG_WARN_OBJC_ROOT_CLASS = YES_ERROR;
				CLANG_WARN_UNREACHABLE_CODE = YES;
				CLANG_WARN__DUPLICATE_METHOD_MATCH = YES;
				"CODE_SIGN_IDENTITY[sdk=iphoneos*]" = "iPhone Developer";
				COPY_PHASE_STRIP = NO;
				DEBUG_INFORMATION_FORMAT = dwarf;
				ENABLE_STRICT_OBJC_MSGSEND = YES;
				ENABLE_TESTABILITY = YES;
				GCC_C_LANGUAGE_STANDARD = gnu99;
				GCC_DYNAMIC_NO_PIC = NO;
				GCC_NO_COMMON_BLOCKS = YES;
				GCC_OPTIMIZATION_LEVEL = 0;
				GCC_PREPROCESSOR_DEFINITIONS = (
					"DEBUG=1",
					"$(inherited)",
				);
				GCC_WARN_64_TO_32_BIT_CONVERSION = YES;
				GCC_WARN_ABOUT_RETURN_TYPE = YES_ERROR;
				GCC_WARN_UNDECLARED_SELECTOR = YES;
				GCC_WARN_UNINITIALIZED_AUTOS = YES_AGGRESSIVE;
				GCC_WARN_UNUSED_FUNCTION = YES;
				GCC_WARN_UNUSED_VARIABLE = YES;
				IPHONEOS_DEPLOYMENT_TARGET = 9.3;
				MTL_ENABLE_DEBUG_INFO = YES;
				ONLY_ACTIVE_ARCH = YES;
				SDKROOT = iphoneos;
				SWIFT_OPTIMIZATION_LEVEL = "-Onone";
			};
			name = Debug;
		};
		AEC2AE191D1A69EA0071F909 /* Release */ = {
			isa = XCBuildConfiguration;
			buildSettings = {
				ALWAYS_SEARCH_USER_PATHS = NO;
				CLANG_ANALYZER_NONNULL = YES;
				CLANG_CXX_LANGUAGE_STANDARD = "gnu++0x";
				CLANG_CXX_LIBRARY = "libc++";
				CLANG_ENABLE_MODULES = YES;
				CLANG_ENABLE_OBJC_ARC = YES;
				CLANG_WARN_BOOL_CONVERSION = YES;
				CLANG_WARN_CONSTANT_CONVERSION = YES;
				CLANG_WARN_DIRECT_OBJC_ISA_USAGE = YES_ERROR;
				CLANG_WARN_EMPTY_BODY = YES;
				CLANG_WARN_ENUM_CONVERSION = YES;
				CLANG_WARN_INT_CONVERSION = YES;
				CLANG_WARN_OBJC_ROOT_CLASS = YES_ERROR;
				CLANG_WARN_UNREACHABLE_CODE = YES;
				CLANG_WARN__DUPLICATE_METHOD_MATCH = YES;
				"CODE_SIGN_IDENTITY[sdk=iphoneos*]" = "iPhone Developer";
				COPY_PHASE_STRIP = NO;
				DEBUG_INFORMATION_FORMAT = "dwarf-with-dsym";
				ENABLE_NS_ASSERTIONS = NO;
				ENABLE_STRICT_OBJC_MSGSEND = YES;
				GCC_C_LANGUAGE_STANDARD = gnu99;
				GCC_NO_COMMON_BLOCKS = YES;
				GCC_WARN_64_TO_32_BIT_CONVERSION = YES;
				GCC_WARN_ABOUT_RETURN_TYPE = YES_ERROR;
				GCC_WARN_UNDECLARED_SELECTOR = YES;
				GCC_WARN_UNINITIALIZED_AUTOS = YES_AGGRESSIVE;
				GCC_WARN_UNUSED_FUNCTION = YES;
				GCC_WARN_UNUSED_VARIABLE = YES;
				IPHONEOS_DEPLOYMENT_TARGET = 9.3;
				MTL_ENABLE_DEBUG_INFO = NO;
				SDKROOT = iphoneos;
				VALIDATE_PRODUCT = YES;
			};
			name = Release;
		};
		AEC2AE1B1D1A69EA0071F909 /* Debug */ = {
			isa = XCBuildConfiguration;
			baseConfigurationReference = 5781E47342120CC39B454355 /* Pods-LocalDataRealm.debug.xcconfig */;
			buildSettings = {
				ASSETCATALOG_COMPILER_APPICON_NAME = AppIcon;
				INFOPLIST_FILE = LocalDataRealm/Info.plist;
				LD_RUNPATH_SEARCH_PATHS = "$(inherited) @executable_path/Frameworks";
				PRODUCT_BUNDLE_IDENTIFIER = biz.pivotaldesign.LocalDataRealm;
				PRODUCT_NAME = "$(TARGET_NAME)";
			};
			name = Debug;
		};
		AEC2AE1C1D1A69EA0071F909 /* Release */ = {
			isa = XCBuildConfiguration;
			baseConfigurationReference = 24F54E02B161972E95B9B66D /* Pods-LocalDataRealm.release.xcconfig */;
			buildSettings = {
				ASSETCATALOG_COMPILER_APPICON_NAME = AppIcon;
				INFOPLIST_FILE = LocalDataRealm/Info.plist;
				LD_RUNPATH_SEARCH_PATHS = "$(inherited) @executable_path/Frameworks";
				PRODUCT_BUNDLE_IDENTIFIER = biz.pivotaldesign.LocalDataRealm;
				PRODUCT_NAME = "$(TARGET_NAME)";
			};
			name = Release;
		};
/* End XCBuildConfiguration section */

/* Begin XCConfigurationList section */
		AEC2AE031D1A69E90071F909 /* Build configuration list for PBXProject "LocalDataRealm" */ = {
			isa = XCConfigurationList;
			buildConfigurations = (
				AEC2AE181D1A69EA0071F909 /* Debug */,
				AEC2AE191D1A69EA0071F909 /* Release */,
			);
			defaultConfigurationIsVisible = 0;
			defaultConfigurationName = Release;
		};
		AEC2AE1A1D1A69EA0071F909 /* Build configuration list for PBXNativeTarget "LocalDataRealm" */ = {
			isa = XCConfigurationList;
			buildConfigurations = (
				AEC2AE1B1D1A69EA0071F909 /* Debug */,
				AEC2AE1C1D1A69EA0071F909 /* Release */,
			);
			defaultConfigurationIsVisible = 0;
			defaultConfigurationName = Release;
		};
/* End XCConfigurationList section */
	};
	rootObject = AEC2AE001D1A69E90071F909 /* Project object */;
}
